// !$*UTF8*$!
{
	archiveVersion = 1;
	classes = {
	};
	objectVersion = 46;
	objects = {

/* Begin PBXBuildFile section */
		EA77EEF11B1C5C1000EC6C05 /* GStreamer.framework in Frameworks */ = {isa = PBXBuildFile; fileRef = EA77EEF01B1C5C1000EC6C05 /* GStreamer.framework */; };
		EA77EF241B1C5EA300EC6C05 /* earmodel.c in Sources */ = {isa = PBXBuildFile; fileRef = EA77EF231B1C5EA300EC6C05 /* earmodel.c */; };
		EA77EF251B1C5ECA00EC6C05 /* earmodel.h in Headers */ = {isa = PBXBuildFile; fileRef = EA77EED41B1C5A3000EC6C05 /* earmodel.h */; };
		EA77EF261B1C5ECE00EC6C05 /* fbearmodel.c in Sources */ = {isa = PBXBuildFile; fileRef = EA77EED51B1C5A3000EC6C05 /* fbearmodel.c */; };
		EA77EF271B1C5ED300EC6C05 /* fbearmodel.h in Headers */ = {isa = PBXBuildFile; fileRef = EA77EED61B1C5A3000EC6C05 /* fbearmodel.h */; };
		EA77EF281B1C5ED300EC6C05 /* fftearmodel.c in Sources */ = {isa = PBXBuildFile; fileRef = EA77EED71B1C5A3000EC6C05 /* fftearmodel.c */; };
		EA77EF291B1C5ED300EC6C05 /* fftearmodel.h in Headers */ = {isa = PBXBuildFile; fileRef = EA77EED81B1C5A3000EC6C05 /* fftearmodel.h */; };
		EA77EF2A1B1C5ED300EC6C05 /* gstpeaq.c in Sources */ = {isa = PBXBuildFile; fileRef = EA77EED91B1C5A3000EC6C05 /* gstpeaq.c */; };
		EA77EF2B1B1C5ED300EC6C05 /* gstpeaq.h in Headers */ = {isa = PBXBuildFile; fileRef = EA77EEDA1B1C5A3000EC6C05 /* gstpeaq.h */; };
		EA77EF2C1B1C5ED300EC6C05 /* gstpeaqplugin.c in Sources */ = {isa = PBXBuildFile; fileRef = EA77EEDB1B1C5A3000EC6C05 /* gstpeaqplugin.c */; };
		EA77EF2D1B1C5ED300EC6C05 /* leveladapter.c in Sources */ = {isa = PBXBuildFile; fileRef = EA77EEDC1B1C5A3000EC6C05 /* leveladapter.c */; };
		EA77EF2E1B1C5ED300EC6C05 /* leveladapter.h in Headers */ = {isa = PBXBuildFile; fileRef = EA77EEDD1B1C5A3000EC6C05 /* leveladapter.h */; };
		EA77EF2F1B1C5ED300EC6C05 /* modpatt.c in Sources */ = {isa = PBXBuildFile; fileRef = EA77EEDE1B1C5A3000EC6C05 /* modpatt.c */; };
		EA77EF301B1C5ED300EC6C05 /* modpatt.h in Headers */ = {isa = PBXBuildFile; fileRef = EA77EEDF1B1C5A3000EC6C05 /* modpatt.h */; };
		EA77EF311B1C5ED300EC6C05 /* movaccum.c in Sources */ = {isa = PBXBuildFile; fileRef = EA77EEE01B1C5A3000EC6C05 /* movaccum.c */; };
		EA77EF321B1C5ED300EC6C05 /* movaccum.h in Headers */ = {isa = PBXBuildFile; fileRef = EA77EEE11B1C5A3000EC6C05 /* movaccum.h */; };
		EA77EF331B1C5ED300EC6C05 /* movs.c in Sources */ = {isa = PBXBuildFile; fileRef = EA77EEE21B1C5A3000EC6C05 /* movs.c */; };
		EA77EF341B1C5ED300EC6C05 /* movs.h in Headers */ = {isa = PBXBuildFile; fileRef = EA77EEE31B1C5A3000EC6C05 /* movs.h */; };
		EA77EF351B1C5ED300EC6C05 /* nn.c in Sources */ = {isa = PBXBuildFile; fileRef = EA77EEE41B1C5A3000EC6C05 /* nn.c */; };
		EA77EF361B1C5ED300EC6C05 /* nn.h in Headers */ = {isa = PBXBuildFile; fileRef = EA77EEE51B1C5A3000EC6C05 /* nn.h */; };
		EA77EF371B1C5ED300EC6C05 /* settings.h in Headers */ = {isa = PBXBuildFile; fileRef = EA77EEE61B1C5A3000EC6C05 /* settings.h */; };
		EAC56E741B1C75060018B644 /* peaq.c in Sources */ = {isa = PBXBuildFile; fileRef = EAC56E731B1C75060018B644 /* peaq.c */; };
		EAC56E751B1C75BC0018B644 /* GStreamer.framework in Frameworks */ = {isa = PBXBuildFile; fileRef = EA77EEF01B1C5C1000EC6C05 /* GStreamer.framework */; };
/* End PBXBuildFile section */

/* Begin PBXCopyFilesBuildPhase section */
		EAC56E6A1B1C74ED0018B644 /* CopyFiles */ = {
			isa = PBXCopyFilesBuildPhase;
			buildActionMask = 2147483647;
			dstPath = /usr/share/man/man1/;
			dstSubfolderSpec = 0;
			files = (
			);
			runOnlyForDeploymentPostprocessing = 1;
		};
/* End PBXCopyFilesBuildPhase section */

/* Begin PBXFileReference section */
		EA77EF231B1C5EA300EC6C05 /* earmodel.c */ = {isa = PBXFileReference; fileEncoding = 4; lastKnownFileType = sourcecode.c.c; name = earmodel.c; path = ../src/earmodel.c; sourceTree = "<group>"; };
		EA77EED41B1C5A3000EC6C05 /* earmodel.h */ = {isa = PBXFileReference; lastKnownFileType = sourcecode.c.h; name = earmodel.h; path = ../src/earmodel.h; sourceTree = "<group>"; };
		EA77EED51B1C5A3000EC6C05 /* fbearmodel.c */ = {isa = PBXFileReference; lastKnownFileType = sourcecode.c.c; name = fbearmodel.c; path = ../src/fbearmodel.c; sourceTree = "<group>"; };
		EA77EED61B1C5A3000EC6C05 /* fbearmodel.h */ = {isa = PBXFileReference; lastKnownFileType = sourcecode.c.h; name = fbearmodel.h; path = ../src/fbearmodel.h; sourceTree = "<group>"; };
		EA77EED71B1C5A3000EC6C05 /* fftearmodel.c */ = {isa = PBXFileReference; lastKnownFileType = sourcecode.c.c; name = fftearmodel.c; path = ../src/fftearmodel.c; sourceTree = "<group>"; };
		EA77EED81B1C5A3000EC6C05 /* fftearmodel.h */ = {isa = PBXFileReference; lastKnownFileType = sourcecode.c.h; name = fftearmodel.h; path = ../src/fftearmodel.h; sourceTree = "<group>"; };
		EA77EED91B1C5A3000EC6C05 /* gstpeaq.c */ = {isa = PBXFileReference; lastKnownFileType = sourcecode.c.c; name = gstpeaq.c; path = ../src/gstpeaq.c; sourceTree = "<group>"; };
		EA77EEDA1B1C5A3000EC6C05 /* gstpeaq.h */ = {isa = PBXFileReference; lastKnownFileType = sourcecode.c.h; name = gstpeaq.h; path = ../src/gstpeaq.h; sourceTree = "<group>"; };
		EA77EEDB1B1C5A3000EC6C05 /* gstpeaqplugin.c */ = {isa = PBXFileReference; lastKnownFileType = sourcecode.c.c; name = gstpeaqplugin.c; path = ../src/gstpeaqplugin.c; sourceTree = "<group>"; };
		EA77EEDC1B1C5A3000EC6C05 /* leveladapter.c */ = {isa = PBXFileReference; lastKnownFileType = sourcecode.c.c; name = leveladapter.c; path = ../src/leveladapter.c; sourceTree = "<group>"; };
		EA77EEDD1B1C5A3000EC6C05 /* leveladapter.h */ = {isa = PBXFileReference; lastKnownFileType = sourcecode.c.h; name = leveladapter.h; path = ../src/leveladapter.h; sourceTree = "<group>"; };
		EA77EEDE1B1C5A3000EC6C05 /* modpatt.c */ = {isa = PBXFileReference; lastKnownFileType = sourcecode.c.c; name = modpatt.c; path = ../src/modpatt.c; sourceTree = "<group>"; };
		EA77EEDF1B1C5A3000EC6C05 /* modpatt.h */ = {isa = PBXFileReference; lastKnownFileType = sourcecode.c.h; name = modpatt.h; path = ../src/modpatt.h; sourceTree = "<group>"; };
		EA77EEE01B1C5A3000EC6C05 /* movaccum.c */ = {isa = PBXFileReference; lastKnownFileType = sourcecode.c.c; name = movaccum.c; path = ../src/movaccum.c; sourceTree = "<group>"; };
		EA77EEE11B1C5A3000EC6C05 /* movaccum.h */ = {isa = PBXFileReference; lastKnownFileType = sourcecode.c.h; name = movaccum.h; path = ../src/movaccum.h; sourceTree = "<group>"; };
		EA77EEE21B1C5A3000EC6C05 /* movs.c */ = {isa = PBXFileReference; lastKnownFileType = sourcecode.c.c; name = movs.c; path = ../src/movs.c; sourceTree = "<group>"; };
		EA77EEE31B1C5A3000EC6C05 /* movs.h */ = {isa = PBXFileReference; lastKnownFileType = sourcecode.c.h; name = movs.h; path = ../src/movs.h; sourceTree = "<group>"; };
		EA77EEE41B1C5A3000EC6C05 /* nn.c */ = {isa = PBXFileReference; lastKnownFileType = sourcecode.c.c; name = nn.c; path = ../src/nn.c; sourceTree = "<group>"; };
		EA77EEE51B1C5A3000EC6C05 /* nn.h */ = {isa = PBXFileReference; lastKnownFileType = sourcecode.c.h; name = nn.h; path = ../src/nn.h; sourceTree = "<group>"; };
		EA77EEE61B1C5A3000EC6C05 /* settings.h */ = {isa = PBXFileReference; lastKnownFileType = sourcecode.c.h; name = settings.h; path = ../src/settings.h; sourceTree = "<group>"; };
		EAC56E731B1C75060018B644 /* peaq.c */ = {isa = PBXFileReference; fileEncoding = 4; lastKnownFileType = sourcecode.c.c; name = peaq.c; path = ../src/peaq.c; sourceTree = "<group>"; };
		EA77EEF01B1C5C1000EC6C05 /* GStreamer.framework */ = {isa = PBXFileReference; lastKnownFileType = wrapper.framework; name = GStreamer.framework; path = /Library/Frameworks/GStreamer.framework; sourceTree = "<group>"; };
		EA77EEEB1B1C5B3000EC6C05 /* libgstpeaq.dylib */ = {isa = PBXFileReference; explicitFileType = "compiled.mach-o.dylib"; includeInIndex = 0; path = libgstpeaq.dylib; sourceTree = BUILT_PRODUCTS_DIR; };
		EAC56E6C1B1C74ED0018B644 /* peaq */ = {isa = PBXFileReference; explicitFileType = "compiled.mach-o.executable"; includeInIndex = 0; path = peaq; sourceTree = BUILT_PRODUCTS_DIR; };
/* End PBXFileReference section */

/* Begin PBXFrameworksBuildPhase section */
		EA77EEE81B1C5B3000EC6C05 /* Frameworks */ = {
			isa = PBXFrameworksBuildPhase;
			buildActionMask = 2147483647;
			files = (
				EA77EEF11B1C5C1000EC6C05 /* GStreamer.framework in Frameworks */,
			);
			runOnlyForDeploymentPostprocessing = 0;
		};
		EAC56E691B1C74ED0018B644 /* Frameworks */ = {
			isa = PBXFrameworksBuildPhase;
			buildActionMask = 2147483647;
			files = (
				EAC56E751B1C75BC0018B644 /* GStreamer.framework in Frameworks */,
			);
			runOnlyForDeploymentPostprocessing = 0;
		};
/* End PBXFrameworksBuildPhase section */

/* Begin PBXGroup section */
		EA77EECC1B1C59B300EC6C05 = {
			isa = PBXGroup;
			children = (
				EAC56E731B1C75060018B644 /* peaq.c */,
				EA77EF231B1C5EA300EC6C05 /* earmodel.c */,
				EA77EED41B1C5A3000EC6C05 /* earmodel.h */,
				EA77EED51B1C5A3000EC6C05 /* fbearmodel.c */,
				EA77EED61B1C5A3000EC6C05 /* fbearmodel.h */,
				EA77EED71B1C5A3000EC6C05 /* fftearmodel.c */,
				EA77EED81B1C5A3000EC6C05 /* fftearmodel.h */,
				EA77EED91B1C5A3000EC6C05 /* gstpeaq.c */,
				EA77EEDA1B1C5A3000EC6C05 /* gstpeaq.h */,
				EA77EEDB1B1C5A3000EC6C05 /* gstpeaqplugin.c */,
				EA77EEDC1B1C5A3000EC6C05 /* leveladapter.c */,
				EA77EEDD1B1C5A3000EC6C05 /* leveladapter.h */,
				EA77EEDE1B1C5A3000EC6C05 /* modpatt.c */,
				EA77EEDF1B1C5A3000EC6C05 /* modpatt.h */,
				EA77EEE01B1C5A3000EC6C05 /* movaccum.c */,
				EA77EEE11B1C5A3000EC6C05 /* movaccum.h */,
				EA77EEE21B1C5A3000EC6C05 /* movs.c */,
				EA77EEE31B1C5A3000EC6C05 /* movs.h */,
				EA77EEE41B1C5A3000EC6C05 /* nn.c */,
				EA77EEE51B1C5A3000EC6C05 /* nn.h */,
				EA77EEE61B1C5A3000EC6C05 /* settings.h */,
				EA77EEEC1B1C5B3000EC6C05 /* Products */,
				EA77EEF01B1C5C1000EC6C05 /* GStreamer.framework */,
			);
			sourceTree = "<group>";
		};
		EA77EEEC1B1C5B3000EC6C05 /* Products */ = {
			isa = PBXGroup;
			children = (
				EA77EEEB1B1C5B3000EC6C05 /* libgstpeaq.dylib */,
				EAC56E6C1B1C74ED0018B644 /* peaq */,
			);
			name = Products;
			sourceTree = "<group>";
		};
/* End PBXGroup section */

/* Begin PBXHeadersBuildPhase section */
		EA77EEE91B1C5B3000EC6C05 /* Headers */ = {
			isa = PBXHeadersBuildPhase;
			buildActionMask = 2147483647;
			files = (
				EA77EF2B1B1C5ED300EC6C05 /* gstpeaq.h in Headers */,
				EA77EF341B1C5ED300EC6C05 /* movs.h in Headers */,
				EA77EF321B1C5ED300EC6C05 /* movaccum.h in Headers */,
				EA77EF371B1C5ED300EC6C05 /* settings.h in Headers */,
				EA77EF2E1B1C5ED300EC6C05 /* leveladapter.h in Headers */,
				EA77EF301B1C5ED300EC6C05 /* modpatt.h in Headers */,
				EA77EF361B1C5ED300EC6C05 /* nn.h in Headers */,
				EA77EF251B1C5ECA00EC6C05 /* earmodel.h in Headers */,
				EA77EF291B1C5ED300EC6C05 /* fftearmodel.h in Headers */,
				EA77EF271B1C5ED300EC6C05 /* fbearmodel.h in Headers */,
			);
			runOnlyForDeploymentPostprocessing = 0;
		};
/* End PBXHeadersBuildPhase section */

/* Begin PBXNativeTarget section */
		EA77EEEA1B1C5B3000EC6C05 /* gstpeaq */ = {
			isa = PBXNativeTarget;
			buildConfigurationList = EA77EEED1B1C5B3000EC6C05 /* Build configuration list for PBXNativeTarget "gstpeaq" */;
			buildPhases = (
				EA77EEE71B1C5B3000EC6C05 /* Sources */,
				EA77EEE81B1C5B3000EC6C05 /* Frameworks */,
				EA77EEE91B1C5B3000EC6C05 /* Headers */,
			);
			buildRules = (
			);
			dependencies = (
			);
			name = gstpeaq;
			productName = gstpeaq;
			productReference = EA77EEEB1B1C5B3000EC6C05 /* libgstpeaq.dylib */;
			productType = "com.apple.product-type.library.dynamic";
		};
		EAC56E6B1B1C74ED0018B644 /* peaq */ = {
			isa = PBXNativeTarget;
			buildConfigurationList = EAC56E701B1C74ED0018B644 /* Build configuration list for PBXNativeTarget "peaq" */;
			buildPhases = (
				EAC56E681B1C74ED0018B644 /* Sources */,
				EAC56E691B1C74ED0018B644 /* Frameworks */,
				EAC56E6A1B1C74ED0018B644 /* CopyFiles */,
			);
			buildRules = (
			);
			dependencies = (
			);
			name = peaq;
			productName = peaq;
			productReference = EAC56E6C1B1C74ED0018B644 /* peaq */;
			productType = "com.apple.product-type.tool";
		};
/* End PBXNativeTarget section */

/* Begin PBXProject section */
		EA77EECD1B1C59B300EC6C05 /* Project object */ = {
			isa = PBXProject;
			attributes = {
				LastUpgradeCheck = 0600;
				TargetAttributes = {
					EA77EEEA1B1C5B3000EC6C05 = {
						CreatedOnToolsVersion = 6.0.1;
					};
					EAC56E6B1B1C74ED0018B644 = {
						CreatedOnToolsVersion = 6.0.1;
					};
				};
			};
			buildConfigurationList = EA77EED01B1C59B300EC6C05 /* Build configuration list for PBXProject "GstPEAQ" */;
			compatibilityVersion = "Xcode 3.2";
			developmentRegion = English;
			hasScannedForEncodings = 0;
			knownRegions = (
				en,
			);
			mainGroup = EA77EECC1B1C59B300EC6C05;
			productRefGroup = EA77EEEC1B1C5B3000EC6C05 /* Products */;
			projectDirPath = "";
			projectRoot = "";
			targets = (
				EA77EEEA1B1C5B3000EC6C05 /* gstpeaq */,
				EAC56E6B1B1C74ED0018B644 /* peaq */,
			);
		};
/* End PBXProject section */

/* Begin PBXSourcesBuildPhase section */
		EA77EEE71B1C5B3000EC6C05 /* Sources */ = {
			isa = PBXSourcesBuildPhase;
			buildActionMask = 2147483647;
			files = (
				EA77EF261B1C5ECE00EC6C05 /* fbearmodel.c in Sources */,
				EA77EF281B1C5ED300EC6C05 /* fftearmodel.c in Sources */,
				EA77EF2D1B1C5ED300EC6C05 /* leveladapter.c in Sources */,
				EA77EF241B1C5EA300EC6C05 /* earmodel.c in Sources */,
				EA77EF2A1B1C5ED300EC6C05 /* gstpeaq.c in Sources */,
				EA77EF2C1B1C5ED300EC6C05 /* gstpeaqplugin.c in Sources */,
				EA77EF311B1C5ED300EC6C05 /* movaccum.c in Sources */,
				EA77EF351B1C5ED300EC6C05 /* nn.c in Sources */,
				EA77EF2F1B1C5ED300EC6C05 /* modpatt.c in Sources */,
				EA77EF331B1C5ED300EC6C05 /* movs.c in Sources */,
			);
			runOnlyForDeploymentPostprocessing = 0;
		};
		EAC56E681B1C74ED0018B644 /* Sources */ = {
			isa = PBXSourcesBuildPhase;
			buildActionMask = 2147483647;
			files = (
				EAC56E741B1C75060018B644 /* peaq.c in Sources */,
			);
			runOnlyForDeploymentPostprocessing = 0;
		};
/* End PBXSourcesBuildPhase section */

/* Begin XCBuildConfiguration section */
		EA77EED11B1C59B300EC6C05 /* Debug */ = {
			isa = XCBuildConfiguration;
			buildSettings = {
				ALWAYS_SEARCH_USER_PATHS = NO;
				"GCC_PREPROCESSOR_DEFINITIONS[arch=*]" = (
					"$(inherited)",
					"PACKAGE_URL=\\\"http://ant.hsu-hh.de/gstpeaq\\\"",
					"PACKAGE_STRING=\"\\\"GstPEAQ 0.4.1\\\"\"",
					"PACKAGE=\\\"gstpeaq\\\"",
					"PACKAGE_NAME=\\\"GstPEAQ\\\"",
					"PACKAGE_VERSION=\\\"0.4.1\\\"",
					"PACKAGE_BUGREPORT=\\\"martin.holters@hsu-hh.de\\\"",
				);
				HEADER_SEARCH_PATHS = (
					"$(inherited)",
					/Applications/Xcode.app/Contents/Developer/Toolchains/XcodeDefault.xctoolchain/usr/include,
					/Library/Frameworks/Gstreamer.framework/Headers,
				);
			};
			name = Debug;
		};
		EA77EED21B1C59B300EC6C05 /* Release */ = {
			isa = XCBuildConfiguration;
			buildSettings = {
				ALWAYS_SEARCH_USER_PATHS = NO;
				"GCC_PREPROCESSOR_DEFINITIONS[arch=*]" = (
					"$(inherited)",
					"PACKAGE_URL=\\\"http://ant.hsu-hh.de/gstpeaq\\\"",
					"PACKAGE_STRING=\"\\\"GstPEAQ 0.4.1\\\"\"",
					"PACKAGE=\\\"gstpeaq\\\"",
					"PACKAGE_NAME=\\\"GstPEAQ\\\"",
					"PACKAGE_VERSION=\\\"0.4.1\\\"",
					"PACKAGE_BUGREPORT=\\\"martin.holters@hsu-hh.de\\\"",
				);
				HEADER_SEARCH_PATHS = (
					"$(inherited)",
					/Applications/Xcode.app/Contents/Developer/Toolchains/XcodeDefault.xctoolchain/usr/include,
					/Library/Frameworks/Gstreamer.framework/Headers,
				);
			};
			name = Release;
		};
		EA77EEEE1B1C5B3000EC6C05 /* Debug */ = {
			isa = XCBuildConfiguration;
			buildSettings = {
				ALWAYS_SEARCH_USER_PATHS = NO;
				CLANG_CXX_LANGUAGE_STANDARD = "gnu++0x";
				CLANG_CXX_LIBRARY = "libc++";
				CLANG_ENABLE_MODULES = NO;
				CLANG_ENABLE_OBJC_ARC = YES;
				CLANG_MODULES_AUTOLINK = YES;
				CLANG_WARN_BOOL_CONVERSION = YES;
				CLANG_WARN_CONSTANT_CONVERSION = YES;
				CLANG_WARN_DIRECT_OBJC_ISA_USAGE = YES_ERROR;
				CLANG_WARN_EMPTY_BODY = YES;
				CLANG_WARN_ENUM_CONVERSION = YES;
				CLANG_WARN_INT_CONVERSION = YES;
				CLANG_WARN_OBJC_ROOT_CLASS = YES_ERROR;
				CLANG_WARN_UNREACHABLE_CODE = YES;
				CLANG_WARN__DUPLICATE_METHOD_MATCH = YES;
				COPY_PHASE_STRIP = NO;
				DYLIB_COMPATIBILITY_VERSION = 1;
				DYLIB_CURRENT_VERSION = 1;
				ENABLE_STRICT_OBJC_MSGSEND = YES;
				EXECUTABLE_PREFIX = lib;
				FRAMEWORK_SEARCH_PATHS = (
					"$(inherited)",
					"$(LOCAL_LIBRARY_DIR)/Frameworks",
				);
				GCC_C_LANGUAGE_STANDARD = gnu99;
				GCC_DYNAMIC_NO_PIC = NO;
				GCC_OPTIMIZATION_LEVEL = 0;
				GCC_PREPROCESSOR_DEFINITIONS = (
					"DEBUG=1",
					"$(inherited)",
				);
				GCC_SYMBOLS_PRIVATE_EXTERN = NO;
				GCC_USE_STANDARD_INCLUDE_SEARCHING = YES;
				GCC_WARN_64_TO_32_BIT_CONVERSION = YES;
				GCC_WARN_ABOUT_RETURN_TYPE = YES_ERROR;
				GCC_WARN_UNDECLARED_SELECTOR = YES;
				GCC_WARN_UNINITIALIZED_AUTOS = YES_AGGRESSIVE;
				GCC_WARN_UNUSED_FUNCTION = YES;
				GCC_WARN_UNUSED_VARIABLE = YES;
				MACOSX_DEPLOYMENT_TARGET = 10.9;
				MTL_ENABLE_DEBUG_INFO = YES;
				ONLY_ACTIVE_ARCH = YES;
				PRODUCT_NAME = "$(TARGET_NAME)";
				SDKROOT = macosx;
			};
			name = Debug;
		};
		EA77EEEF1B1C5B3000EC6C05 /* Release */ = {
			isa = XCBuildConfiguration;
			buildSettings = {
				ALWAYS_SEARCH_USER_PATHS = NO;
				CLANG_CXX_LANGUAGE_STANDARD = "gnu++0x";
				CLANG_CXX_LIBRARY = "libc++";
				CLANG_ENABLE_MODULES = NO;
				CLANG_ENABLE_OBJC_ARC = YES;
				CLANG_MODULES_AUTOLINK = YES;
				CLANG_WARN_BOOL_CONVERSION = YES;
				CLANG_WARN_CONSTANT_CONVERSION = YES;
				CLANG_WARN_DIRECT_OBJC_ISA_USAGE = YES_ERROR;
				CLANG_WARN_EMPTY_BODY = YES;
				CLANG_WARN_ENUM_CONVERSION = YES;
				CLANG_WARN_INT_CONVERSION = YES;
				CLANG_WARN_OBJC_ROOT_CLASS = YES_ERROR;
				CLANG_WARN_UNREACHABLE_CODE = YES;
				CLANG_WARN__DUPLICATE_METHOD_MATCH = YES;
				COPY_PHASE_STRIP = YES;
				DEBUG_INFORMATION_FORMAT = "dwarf-with-dsym";
				DYLIB_COMPATIBILITY_VERSION = 1;
				DYLIB_CURRENT_VERSION = 1;
				ENABLE_NS_ASSERTIONS = NO;
				ENABLE_STRICT_OBJC_MSGSEND = YES;
				EXECUTABLE_PREFIX = lib;
				FRAMEWORK_SEARCH_PATHS = (
					"$(inherited)",
					"$(LOCAL_LIBRARY_DIR)/Frameworks",
				);
				GCC_C_LANGUAGE_STANDARD = gnu99;
				GCC_USE_STANDARD_INCLUDE_SEARCHING = YES;
				GCC_WARN_64_TO_32_BIT_CONVERSION = YES;
				GCC_WARN_ABOUT_RETURN_TYPE = YES_ERROR;
				GCC_WARN_UNDECLARED_SELECTOR = YES;
				GCC_WARN_UNINITIALIZED_AUTOS = YES_AGGRESSIVE;
				GCC_WARN_UNUSED_FUNCTION = YES;
				GCC_WARN_UNUSED_VARIABLE = YES;
				MACOSX_DEPLOYMENT_TARGET = 10.9;
				MTL_ENABLE_DEBUG_INFO = NO;
				PRODUCT_NAME = "$(TARGET_NAME)";
				SDKROOT = macosx;
			};
			name = Release;
		};
		EAC56E711B1C74ED0018B644 /* Debug */ = {
			isa = XCBuildConfiguration;
			buildSettings = {
				ALWAYS_SEARCH_USER_PATHS = NO;
				CLANG_CXX_LANGUAGE_STANDARD = "gnu++0x";
				CLANG_CXX_LIBRARY = "libc++";
				CLANG_ENABLE_MODULES = NO;
				CLANG_ENABLE_OBJC_ARC = YES;
				CLANG_WARN_BOOL_CONVERSION = YES;
				CLANG_WARN_CONSTANT_CONVERSION = YES;
				CLANG_WARN_DIRECT_OBJC_ISA_USAGE = YES_ERROR;
				CLANG_WARN_EMPTY_BODY = YES;
				CLANG_WARN_ENUM_CONVERSION = YES;
				CLANG_WARN_INT_CONVERSION = YES;
				CLANG_WARN_OBJC_ROOT_CLASS = YES_ERROR;
				CLANG_WARN_UNREACHABLE_CODE = YES;
				CLANG_WARN__DUPLICATE_METHOD_MATCH = YES;
				COPY_PHASE_STRIP = NO;
				ENABLE_STRICT_OBJC_MSGSEND = YES;
				FRAMEWORK_SEARCH_PATHS = (
					"$(inherited)",
					"$(LOCAL_LIBRARY_DIR)/Frameworks",
				);
				GCC_C_LANGUAGE_STANDARD = gnu99;
				GCC_DYNAMIC_NO_PIC = NO;
				GCC_OPTIMIZATION_LEVEL = 0;
				GCC_PREPROCESSOR_DEFINITIONS = (
					"DEBUG=1",
					"$(inherited)",
				);
				GCC_SYMBOLS_PRIVATE_EXTERN = NO;
				GCC_WARN_64_TO_32_BIT_CONVERSION = YES;
				GCC_WARN_ABOUT_RETURN_TYPE = YES_ERROR;
				GCC_WARN_UNDECLARED_SELECTOR = YES;
				GCC_WARN_UNINITIALIZED_AUTOS = YES_AGGRESSIVE;
				GCC_WARN_UNUSED_FUNCTION = YES;
				GCC_WARN_UNUSED_VARIABLE = YES;
				MACH_O_TYPE = mh_execute;
				MACOSX_DEPLOYMENT_TARGET = 10.9;
				MTL_ENABLE_DEBUG_INFO = YES;
				ONLY_ACTIVE_ARCH = YES;
				PRODUCT_NAME = "$(TARGET_NAME)";
				SDKROOT = macosx;
			};
			name = Debug;
		};
		EAC56E721B1C74ED0018B644 /* Release */ = {
			isa = XCBuildConfiguration;
			buildSettings = {
				ALWAYS_SEARCH_USER_PATHS = NO;
				CLANG_CXX_LANGUAGE_STANDARD = "gnu++0x";
				CLANG_CXX_LIBRARY = "libc++";
				CLANG_ENABLE_MODULES = NO;
				CLANG_ENABLE_OBJC_ARC = YES;
				CLANG_WARN_BOOL_CONVERSION = YES;
				CLANG_WARN_CONSTANT_CONVERSION = YES;
				CLANG_WARN_DIRECT_OBJC_ISA_USAGE = YES_ERROR;
				CLANG_WARN_EMPTY_BODY = YES;
				CLANG_WARN_ENUM_CONVERSION = YES;
				CLANG_WARN_INT_CONVERSION = YES;
				CLANG_WARN_OBJC_ROOT_CLASS = YES_ERROR;
				CLANG_WARN_UNREACHABLE_CODE = YES;
				CLANG_WARN__DUPLICATE_METHOD_MATCH = YES;
				COPY_PHASE_STRIP = YES;
				DEBUG_INFORMATION_FORMAT = "dwarf-with-dsym";
				ENABLE_NS_ASSERTIONS = NO;
				ENABLE_STRICT_OBJC_MSGSEND = YES;
				FRAMEWORK_SEARCH_PATHS = (
					"$(inherited)",
					"$(LOCAL_LIBRARY_DIR)/Frameworks",
				);
				GCC_C_LANGUAGE_STANDARD = gnu99;
				GCC_WARN_64_TO_32_BIT_CONVERSION = YES;
				GCC_WARN_ABOUT_RETURN_TYPE = YES_ERROR;
				GCC_WARN_UNDECLARED_SELECTOR = YES;
				GCC_WARN_UNINITIALIZED_AUTOS = YES_AGGRESSIVE;
				GCC_WARN_UNUSED_FUNCTION = YES;
				GCC_WARN_UNUSED_VARIABLE = YES;
				MACH_O_TYPE = mh_execute;
				MACOSX_DEPLOYMENT_TARGET = 10.9;
				MTL_ENABLE_DEBUG_INFO = NO;
				PRODUCT_NAME = "$(TARGET_NAME)";
				SDKROOT = macosx;
			};
			name = Release;
		};
/* End XCBuildConfiguration section */

/* Begin XCConfigurationList section */
		EA77EED01B1C59B300EC6C05 /* Build configuration list for PBXProject "GstPEAQ" */ = {
			isa = XCConfigurationList;
			buildConfigurations = (
				EA77EED11B1C59B300EC6C05 /* Debug */,
				EA77EED21B1C59B300EC6C05 /* Release */,
			);
			defaultConfigurationIsVisible = 0;
			defaultConfigurationName = Release;
		};
		EA77EEED1B1C5B3000EC6C05 /* Build configuration list for PBXNativeTarget "gstpeaq" */ = {
			isa = XCConfigurationList;
			buildConfigurations = (
				EA77EEEE1B1C5B3000EC6C05 /* Debug */,
				EA77EEEF1B1C5B3000EC6C05 /* Release */,
			);
			defaultConfigurationIsVisible = 0;
			defaultConfigurationName = Release;
		};
		EAC56E701B1C74ED0018B644 /* Build configuration list for PBXNativeTarget "peaq" */ = {
			isa = XCConfigurationList;
			buildConfigurations = (
				EAC56E711B1C74ED0018B644 /* Debug */,
				EAC56E721B1C74ED0018B644 /* Release */,
			);
			defaultConfigurationIsVisible = 0;
		};
/* End XCConfigurationList section */
	};
	rootObject = EA77EECD1B1C59B300EC6C05 /* Project object */;
}
