
Microsoft Visual Studio Solution File, Format Version 12.00
# Visual Studio 2013
VisualStudioVersion = 12.0.31101.0
MinimumVisualStudioVersion = 10.0.40219.1
Project("{8BC9CEB8-8B4A-11D0-8D11-00A0C91BC942}") = "gstpeaq", "gstpeaq-1.0.vcxproj", "{1C90191D-BC66-4993-8E26-841F22C42B8C}"
EndProject
Project("{8BC9CEB8-8B4A-11D0-8D11-00A0C91BC942}") = "peaq", "peaq-1.0.vcxproj", "{BD343B91-3BAE-46B1-B004-C2D91C58BECC}"
EndProject
Global
	GlobalSection(SolutionConfigurationPlatforms) = preSolution
		Debug|Win32 = Debug|Win32
		Debug|x64 = Debug|x64
		Release|Win32 = Release|Win32
		Release|x64 = Release|x64
	EndGlobalSection
	GlobalSection(ProjectConfigurationPlatforms) = postSolution
		{1C90191D-BC66-4993-8E26-841F22C42B8C}.Debug|Win32.ActiveCfg = Debug|Win32
		{1C90191D-BC66-4993-8E26-841F22C42B8C}.Debug|Win32.Build.0 = Debug|Win32
		{1C90191D-BC66-4993-8E26-841F22C42B8C}.Debug|x64.ActiveCfg = Debug|x64
		{1C90191D-BC66-4993-8E26-841F22C42B8C}.Debug|x64.Build.0 = Debug|x64
		{1C90191D-BC66-4993-8E26-841F22C42B8C}.Release|Win32.ActiveCfg = Release|Win32
		{1C90191D-BC66-4993-8E26-841F22C42B8C}.Release|Win32.Build.0 = Release|Win32
		{1C90191D-BC66-4993-8E26-841F22C42B8C}.Release|x64.ActiveCfg = Release|x64
		{1C90191D-BC66-4993-8E26-841F22C42B8C}.Release|x64.Build.0 = Release|x64
		{BD343B91-3BAE-46B1-B004-C2D91C58BECC}.Debug|Win32.ActiveCfg = Debug|Win32
		{BD343B91-3BAE-46B1-B004-C2D91C58BECC}.Debug|Win32.Build.0 = Debug|Win32
		{BD343B91-3BAE-46B1-B004-C2D91C58BECC}.Debug|x64.ActiveCfg = Debug|x64
		{BD343B91-3BAE-46B1-B004-C2D91C58BECC}.Debug|x64.Build.0 = Debug|x64
		{BD343B91-3BAE-46B1-B004-C2D91C58BECC}.Release|Win32.ActiveCfg = Release|Win32
		{BD343B91-3BAE-46B1-B004-C2D91C58BECC}.Release|Win32.Build.0 = Release|Win32
		{BD343B91-3BAE-46B1-B004-C2D91C58BECC}.Release|x64.ActiveCfg = Release|x64
		{BD343B91-3BAE-46B1-B004-C2D91C58BECC}.Release|x64.Build.0 = Release|x64
	EndGlobalSection
	GlobalSection(SolutionProperties) = preSolution
		HideSolutionNode = FALSE
	EndGlobalSection
EndGlobal
